
Microsoft Visual Studio Solution File, Format Version 12.00
# Visual Studio Version 17
VisualStudioVersion = 17.0.31903.59
MinimumVisualStudioVersion = 10.0.40219.1
Project("{8BC9CEB8-8B4A-11D0-8D11-00A0C91BC942}") = "CicloFor", "CicloFor.vcxproj", "{8C4C1DF4-0AFC-4B6E-ACEF-E0BC88DE1A49}"
EndProject
Global
	GlobalSection(SolutionConfigurationPlatforms) = preSolution
		Debug|x64 = Debug|x64
		Debug|x86 = Debug|x86
		Release|x64 = Release|x64
		Release|x86 = Release|x86
	EndGlobalSection
	GlobalSection(ProjectConfigurationPlatforms) = postSolution
		{8C4C1DF4-0AFC-4B6E-ACEF-E0BC88DE1A49}.Debug|x64.ActiveCfg = Debug|x64
		{8C4C1DF4-0AFC-4B6E-ACEF-E0BC88DE1A49}.Debug|x64.Build.0 = Debug|x64
		{8C4C1DF4-0AFC-4B6E-ACEF-E0BC88DE1A49}.Debug|x86.ActiveCfg = Debug|Win32
		{8C4C1DF4-0AFC-4B6E-ACEF-E0BC88DE1A49}.Debug|x86.Build.0 = Debug|Win32
		{8C4C1DF4-0AFC-4B6E-ACEF-E0BC88DE1A49}.Release|x64.ActiveCfg = Release|x64
		{8C4C1DF4-0AFC-4B6E-ACEF-E0BC88DE1A49}.Release|x64.Build.0 = Release|x64
		{8C4C1DF4-0AFC-4B6E-ACEF-E0BC88DE1A49}.Release|x86.ActiveCfg = Release|Win32
		{8C4C1DF4-0AFC-4B6E-ACEF-E0BC88DE1A49}.Release|x86.Build.0 = Release|Win32
	EndGlobalSection
	GlobalSection(SolutionProperties) = preSolution
		HideSolutionNode = FALSE
	EndGlobalSection
	GlobalSection(ExtensibilityGlobals) = postSolution
		SolutionGuid = {F102D277-0356-49D8-8378-F75C95C1F065}
	EndGlobalSection
EndGlobal
